
Microsoft Visual Studio Solution File, Format Version 12.00
# Visual Studio 15
VisualStudioVersion = 15.0.27130.2003
MinimumVisualStudioVersion = 10.0.40219.1
Project("{FAE04EC0-301F-11D3-BF4B-00C04F79EFBC}") = "MapTest01", "MapTest01\MapTest01.csproj", "{DD763C89-FE8E-40E8-9441-13D864F36769}"
EndProject
Global
	GlobalSection(SolutionConfigurationPlatforms) = preSolution
		Debug|Any CPU = Debug|Any CPU
		Release|Any CPU = Release|Any CPU
	EndGlobalSection
	GlobalSection(ProjectConfigurationPlatforms) = postSolution
		{DD763C89-FE8E-40E8-9441-13D864F36769}.Debug|Any CPU.ActiveCfg = Debug|Any CPU
		{DD763C89-FE8E-40E8-9441-13D864F36769}.Debug|Any CPU.Build.0 = Debug|Any CPU
		{DD763C89-FE8E-40E8-9441-13D864F36769}.Release|Any CPU.ActiveCfg = Release|Any CPU
		{DD763C89-FE8E-40E8-9441-13D864F36769}.Release|Any CPU.Build.0 = Release|Any CPU
	EndGlobalSection
	GlobalSection(SolutionProperties) = preSolution
		HideSolutionNode = FALSE
	EndGlobalSection
	GlobalSection(ExtensibilityGlobals) = postSolution
		SolutionGuid = {0B92C518-BDA5-437A-9EB1-2EF0C8DBC732}
	EndGlobalSection
EndGlobal
